
Microsoft Visual Studio Solution File, Format Version 12.00
# Visual Studio Version 17
VisualStudioVersion = 17.0.31903.59
MinimumVisualStudioVersion = 10.0.40219.1
Project("{2150E333-8FDC-42A3-9474-1A3956D46DE8}") = "src", "src", "{55EF7257-A339-4065-8631-463F596DE5D7}"
EndProject
Project("{FAE04EC0-301F-11D3-BF4B-00C04F79EFBC}") = "AuctionService", "src\AuctionService\AuctionService.csproj", "{C92DBD93-A72B-47C8-BD63-040866EAF1BE}"
EndProject
Project("{FAE04EC0-301F-11D3-BF4B-00C04F79EFBC}") = "Contracts", "src\Contracts\Contracts.csproj", "{FBACF271-B57E-473D-BB0C-C9F27291E2DF}"
EndProject
Global
	GlobalSection(SolutionConfigurationPlatforms) = preSolution
		Debug|Any CPU = Debug|Any CPU
		Release|Any CPU = Release|Any CPU
	EndGlobalSection
	GlobalSection(SolutionProperties) = preSolution
		HideSolutionNode = FALSE
	EndGlobalSection
	GlobalSection(ProjectConfigurationPlatforms) = postSolution
		{C92DBD93-A72B-47C8-BD63-040866EAF1BE}.Debug|Any CPU.ActiveCfg = Debug|Any CPU
		{C92DBD93-A72B-47C8-BD63-040866EAF1BE}.Debug|Any CPU.Build.0 = Debug|Any CPU
		{C92DBD93-A72B-47C8-BD63-040866EAF1BE}.Release|Any CPU.ActiveCfg = Release|Any CPU
		{C92DBD93-A72B-47C8-BD63-040866EAF1BE}.Release|Any CPU.Build.0 = Release|Any CPU
		{FBACF271-B57E-473D-BB0C-C9F27291E2DF}.Debug|Any CPU.ActiveCfg = Debug|Any CPU
		{FBACF271-B57E-473D-BB0C-C9F27291E2DF}.Debug|Any CPU.Build.0 = Debug|Any CPU
		{FBACF271-B57E-473D-BB0C-C9F27291E2DF}.Release|Any CPU.ActiveCfg = Release|Any CPU
		{FBACF271-B57E-473D-BB0C-C9F27291E2DF}.Release|Any CPU.Build.0 = Release|Any CPU
	EndGlobalSection
	GlobalSection(NestedProjects) = preSolution
		{C92DBD93-A72B-47C8-BD63-040866EAF1BE} = {55EF7257-A339-4065-8631-463F596DE5D7}
		{FBACF271-B57E-473D-BB0C-C9F27291E2DF} = {55EF7257-A339-4065-8631-463F596DE5D7}
	EndGlobalSection
EndGlobal
